
Microsoft Visual Studio Solution File, Format Version 12.00
# Visual Studio Version 16
VisualStudioVersion = 16.0.29306.81
MinimumVisualStudioVersion = 10.0.40219.1
Project("{FAE04EC0-301F-11D3-BF4B-00C04F79EFBC}") = "mind1", "mind1\mind1.csproj", "{57517544-3229-4702-B399-30C07F1E32CB}"
EndProject
Global
	GlobalSection(SolutionConfigurationPlatforms) = preSolution
		Debug|Any CPU = Debug|Any CPU
		Release|Any CPU = Release|Any CPU
	EndGlobalSection
	GlobalSection(ProjectConfigurationPlatforms) = postSolution
		{57517544-3229-4702-B399-30C07F1E32CB}.Debug|Any CPU.ActiveCfg = Debug|Any CPU
		{57517544-3229-4702-B399-30C07F1E32CB}.Debug|Any CPU.Build.0 = Debug|Any CPU
		{57517544-3229-4702-B399-30C07F1E32CB}.Release|Any CPU.ActiveCfg = Release|Any CPU
		{57517544-3229-4702-B399-30C07F1E32CB}.Release|Any CPU.Build.0 = Release|Any CPU
	EndGlobalSection
	GlobalSection(SolutionProperties) = preSolution
		HideSolutionNode = FALSE
	EndGlobalSection
	GlobalSection(ExtensibilityGlobals) = postSolution
		SolutionGuid = {A86A2338-DEF8-449D-9DA2-A254F11C8462}
	EndGlobalSection
EndGlobal
